
Microsoft Visual Studio Solution File, Format Version 12.00
# Visual Studio Version 16
VisualStudioVersion = 16.0.30320.27
MinimumVisualStudioVersion = 10.0.40219.1
Project("{FAE04EC0-301F-11D3-BF4B-00C04F79EFBC}") = "Desktop", "Desktop\Desktop.csproj", "{FC248575-EA63-4B4E-A7AA-1AF7C6C575AC}"
EndProject
Project("{FAE04EC0-301F-11D3-BF4B-00C04F79EFBC}") = "Desktop.Tests", "Desktop.Tests\Desktop.Tests.csproj", "{32764C2D-7593-40BF-B87E-8D7841C80F82}"
EndProject
Project("{FAE04EC0-301F-11D3-BF4B-00C04F79EFBC}") = "Database", "Database\Database.csproj", "{CE6C5437-519C-4331-A047-8286D21A14E0}"
EndProject
Project("{FAE04EC0-301F-11D3-BF4B-00C04F79EFBC}") = "Database.Tests", "Database.Tests\Database.Tests.csproj", "{1C81CA05-77AD-4C92-852E-FF32C7BF70A6}"
EndProject
Project("{FAE04EC0-301F-11D3-BF4B-00C04F79EFBC}") = "IGDB", "IGDB\IGDB.csproj", "{573226D5-63CE-4054-9973-8561524C9218}"
EndProject
Project("{FAE04EC0-301F-11D3-BF4B-00C04F79EFBC}") = "IGDB.Tests", "IGDB.Tests\IGDB.Tests.csproj", "{18E6993C-5D6B-4D3B-9466-1543B3077828}"
EndProject
Global
	GlobalSection(SolutionConfigurationPlatforms) = preSolution
		Debug|Any CPU = Debug|Any CPU
		Release|Any CPU = Release|Any CPU
	EndGlobalSection
	GlobalSection(ProjectConfigurationPlatforms) = postSolution
		{FC248575-EA63-4B4E-A7AA-1AF7C6C575AC}.Debug|Any CPU.ActiveCfg = Debug|Any CPU
		{FC248575-EA63-4B4E-A7AA-1AF7C6C575AC}.Debug|Any CPU.Build.0 = Debug|Any CPU
		{FC248575-EA63-4B4E-A7AA-1AF7C6C575AC}.Release|Any CPU.ActiveCfg = Release|Any CPU
		{FC248575-EA63-4B4E-A7AA-1AF7C6C575AC}.Release|Any CPU.Build.0 = Release|Any CPU
		{32764C2D-7593-40BF-B87E-8D7841C80F82}.Debug|Any CPU.ActiveCfg = Debug|Any CPU
		{32764C2D-7593-40BF-B87E-8D7841C80F82}.Debug|Any CPU.Build.0 = Debug|Any CPU
		{32764C2D-7593-40BF-B87E-8D7841C80F82}.Release|Any CPU.ActiveCfg = Release|Any CPU
		{32764C2D-7593-40BF-B87E-8D7841C80F82}.Release|Any CPU.Build.0 = Release|Any CPU
		{CE6C5437-519C-4331-A047-8286D21A14E0}.Debug|Any CPU.ActiveCfg = Debug|Any CPU
		{CE6C5437-519C-4331-A047-8286D21A14E0}.Debug|Any CPU.Build.0 = Debug|Any CPU
		{CE6C5437-519C-4331-A047-8286D21A14E0}.Release|Any CPU.ActiveCfg = Release|Any CPU
		{CE6C5437-519C-4331-A047-8286D21A14E0}.Release|Any CPU.Build.0 = Release|Any CPU
		{1C81CA05-77AD-4C92-852E-FF32C7BF70A6}.Debug|Any CPU.ActiveCfg = Debug|Any CPU
		{1C81CA05-77AD-4C92-852E-FF32C7BF70A6}.Debug|Any CPU.Build.0 = Debug|Any CPU
		{1C81CA05-77AD-4C92-852E-FF32C7BF70A6}.Release|Any CPU.ActiveCfg = Release|Any CPU
		{1C81CA05-77AD-4C92-852E-FF32C7BF70A6}.Release|Any CPU.Build.0 = Release|Any CPU
		{573226D5-63CE-4054-9973-8561524C9218}.Debug|Any CPU.ActiveCfg = Debug|Any CPU
		{573226D5-63CE-4054-9973-8561524C9218}.Debug|Any CPU.Build.0 = Debug|Any CPU
		{573226D5-63CE-4054-9973-8561524C9218}.Release|Any CPU.ActiveCfg = Release|Any CPU
		{573226D5-63CE-4054-9973-8561524C9218}.Release|Any CPU.Build.0 = Release|Any CPU
		{18E6993C-5D6B-4D3B-9466-1543B3077828}.Debug|Any CPU.ActiveCfg = Debug|Any CPU
		{18E6993C-5D6B-4D3B-9466-1543B3077828}.Debug|Any CPU.Build.0 = Debug|Any CPU
		{18E6993C-5D6B-4D3B-9466-1543B3077828}.Release|Any CPU.ActiveCfg = Release|Any CPU
		{18E6993C-5D6B-4D3B-9466-1543B3077828}.Release|Any CPU.Build.0 = Release|Any CPU
	EndGlobalSection
	GlobalSection(SolutionProperties) = preSolution
		HideSolutionNode = FALSE
	EndGlobalSection
	GlobalSection(ExtensibilityGlobals) = postSolution
		SolutionGuid = {3FD687A8-3CAD-45F0-A3B1-E69DD2E72945}
	EndGlobalSection
EndGlobal
